# This file is autogenerated, do not edit; changes may be undone by the next 'dep ensure'.


[[projects]]
  digest = "1:69b18b4c2b5c0e1e43ec2b5e1b9cb22706fb974aac4779342c31c2e0174d1bc7"
  name = "cloud.google.com/go"
  packages = [
    "civil",
    "compute/metadata",
    "iam",
    "internal",
    "internal/fields",
    "internal/optional",
    "internal/protostruct",
    "internal/trace",
    "internal/version",
    "longrunning",
    "longrunning/autogen",
    "spanner",
    "spanner/admin/database/apiv1",
    "spanner/internal/backoff",
    "storage",
  ]
  pruneopts = "UT"
  revision = "cf81fad90a1a1de334c4fc27e23eb9a4224b627a"
  version = "v0.41.0"

[[projects]]
  digest = "1:63dcec0ce79283851834f681503a2cc1d50e1b1b0c5750074882445a3082ca1c"
  name = "github.com/Azure/go-ansiterm"
  packages = [
    ".",
    "winterm",
  ]
  pruneopts = "UT"
  revision = "388960b655244e76e24c75f48631564eaefade62"

[[projects]]
  digest = "1:f9ae348e1f793dcf9ed930ed47136a67343dbd6809c5c91391322267f4476892"
  name = "github.com/Microsoft/go-winio"
  packages = ["."]
  pruneopts = "UT"
  revision = "1a8911d1ed007260465c3bfbbc785ac6915a0bb8"
  version = "v0.4.12"

[[projects]]
  branch = "master"
  digest = "1:3721a10686511b80c052323423f0de17a8c06d417dbdd3b392b1578432a33aae"
  name = "github.com/Nvveen/Gotty"
  packages = ["."]
  pruneopts = "UT"
  revision = "cd527374f1e5bff4938207604a14f2e38a9cf512"

[[projects]]
  digest = "1:f3b6664d93ffaee13d93f1dcab4f30ce64204c4b24dda73695ecc8e686645d1b"
  name = "github.com/Sirupsen/logrus"
  packages = ["."]
  pruneopts = "UT"
  revision = "d26492970760ca5d33129d2d799e34be5c4782eb"
  version = "v0.11.0"

[[projects]]
  digest = "1:c519e841bcf7638e11f52f9ec1d5b507af4eeef6dd8ce72b5f6434fd27486c06"
  name = "github.com/aws/aws-sdk-go"
  packages = [
    "aws",
    "aws/awserr",
    "aws/awsutil",
    "aws/client",
    "aws/client/metadata",
    "aws/corehandlers",
    "aws/credentials",
    "aws/credentials/ec2rolecreds",
    "aws/credentials/endpointcreds",
    "aws/credentials/processcreds",
    "aws/credentials/stscreds",
    "aws/csm",
    "aws/defaults",
    "aws/ec2metadata",
    "aws/endpoints",
    "aws/request",
    "aws/session",
    "aws/signer/v4",
    "internal/ini",
    "internal/s3err",
    "internal/sdkio",
    "internal/sdkrand",
    "internal/sdkuri",
    "internal/shareddefaults",
    "private/protocol",
    "private/protocol/eventstream",
    "private/protocol/eventstream/eventstreamapi",
    "private/protocol/json/jsonutil",
    "private/protocol/query",
    "private/protocol/query/queryutil",
    "private/protocol/rest",
    "private/protocol/restxml",
    "private/protocol/xml/xmlutil",
    "service/s3",
    "service/s3/s3iface",
    "service/sts",
  ]
  pruneopts = "UT"
  revision = "420cda5d6383f94f7d9c231aa44bad3325181950"
  version = "v1.20.20"

[[projects]]
  branch = "master"
  digest = "1:05756b73bf7eae03d6f6c5f0ae83de42ce296e7d83336563dd9ce2072106d5e6"
  name = "github.com/cloudflare/golz4"
  packages = ["."]
  pruneopts = "UT"
  revision = "ef862a3cdc58a6f1fee4e3af3d44fbe279194cde"

[[projects]]
  branch = "master"
  digest = "1:5a75ff130630f57609ffca00d6a76dc31bb50ad6a03809848e0f9e13add31987"
  name = "github.com/cockroachdb/cockroach-go"
  packages = ["crdb"]
  pruneopts = "UT"
  revision = "e0a95dfd547cc9c3ebaaba1a12c2afe4bf621ac5"

[[projects]]
  branch = "master"
  digest = "1:8645cabc6639b91c91275cc8b78cc34d30d1394146f713e0342e2b746f5121a9"
  name = "github.com/cznic/b"
  packages = ["."]
  pruneopts = "UT"
  revision = "a26611c4d92dc9181cdb5e8d67fb712700fcd4a3"

[[projects]]
  branch = "master"
  digest = "1:f1e43a2835867fefa3a284c92823a96cd8d34591cd9c90fa247c345d1cd08e08"
  name = "github.com/cznic/fileutil"
  packages = ["."]
  pruneopts = "UT"
  revision = "4d67cfea8c87a5ea35f02b7716ffe87753abb64a"

[[projects]]
  branch = "master"
  digest = "1:2a4afef2ef0e4e4ab66b4f4f6a70bf6551ae8b727184771b5547e2b90245fe58"
  name = "github.com/cznic/golex"
  packages = ["lex"]
  pruneopts = "UT"
  revision = "9c343928389cc59a56eb4494e0b781f1a9145ec0"

[[projects]]
  digest = "1:a9e2943ed681d4758a43d1bd9e80d7e993b66ce5adc7aa5dcc083ba48a47a4eb"
  name = "github.com/cznic/internal"
  packages = [
    "buffer",
    "file",
    "slice",
  ]
  pruneopts = "UT"
  revision = "cef02a853c3a93623c42eacd574e7ea05f55531b"
  version = "1.0.0"

[[projects]]
  digest = "1:ec7b58207ac8eee1c554b7947b3f5124f711238a80edb7224a53bae7263c95ae"
  name = "github.com/cznic/lldb"
  packages = ["."]
  pruneopts = "UT"
  revision = "bea8611dd5c407f3c5eab9f9c68e887a27dc6f0e"
  version = "v1.1.0"

[[projects]]
  branch = "master"
  digest = "1:1e461a804fd370a051999c0e046d344c430af4aadb8cf0c3fdc2093d11ea6344"
  name = "github.com/cznic/mathutil"
  packages = ["."]
  pruneopts = "UT"
  revision = "297441e035482346a960053c9ea29669b13e1025"

[[projects]]
  digest = "1:336a34e066968a8e30ee73a0d4419f37d3e8286b94f996cddf46a5e82d13b2fa"
  name = "github.com/cznic/ql"
  packages = [
    ".",
    "driver",
    "vendored/github.com/camlistore/go4/lock",
  ]
  pruneopts = "UT"
  revision = "47bf73cf8ed137969f12b223b7016784cdd9d42e"
  version = "v1.2.0"

[[projects]]
  branch = "master"
  digest = "1:1ec94f18c3941cdbde18b11052791eed70cd8d175495348460aa47fadf0a9471"
  name = "github.com/cznic/sortutil"
  packages = ["."]
  pruneopts = "UT"
  revision = "f5f958428db822072e84a845d95c490468f5e96d"

[[projects]]
  branch = "master"
  digest = "1:c18715de7a83fd8048ffdfa316a4126da285a6f0bf4ecfb9b75949755e37614e"
  name = "github.com/cznic/strutil"
  packages = ["."]
  pruneopts = "UT"
  revision = "275e9034453778034cf2718cec00c840f5a34299"

[[projects]]
  branch = "master"
  digest = "1:cb3e2ad1c7a0273e0d9285acce9ee8e9c4336f301552fe57c068e95d31a2b387"
  name = "github.com/cznic/zappy"
  packages = ["."]
  pruneopts = "UT"
  revision = "ca47d358d4b1fee03c89617b25fc2d7bac45a9a6"

[[projects]]
  digest = "1:ffe9824d294da03b391f44e1ae8281281b4afc1bdaa9588c9097785e3af10cec"
  name = "github.com/davecgh/go-spew"
  packages = ["spew"]
  pruneopts = "UT"
  revision = "8991bc29aa16c548c550c7ff78260e27b9ab7c73"
  version = "v1.1.1"

[[projects]]
  branch = "master"
  digest = "1:fe530312c9dbc69029583d0dfd97b15a3400fb10c0d9ac57857f3172b418d4f6"
  name = "github.com/denisenkom/go-mssqldb"
  packages = [
    ".",
    "internal/cp",
  ]
  pruneopts = "UT"
  revision = "29e7b2419f38bdfd7dcd59b41fe3123444a69ca1"

[[projects]]
  digest = "1:506722f03f726d2c6a51e4015022ada1e3cf21cd8ecd92c39bde2dd4ed4d72b6"
  name = "github.com/dhui/dktest"
  packages = ["."]
  pruneopts = "UT"
  revision = "489652953a5e64e060b2edfb29d0d9e29cc5b847"
  version = "v0.3.1"

[[projects]]
  digest = "1:767be9f40efeaa89519a1b7d04bcc1e841760466bdd481b4b4cca63a00a1eef8"
  name = "github.com/docker/distribution"
  packages = [
    "digestset",
    "reference",
  ]
  pruneopts = "UT"
  revision = "b38e5838b7b2f2ad48e06ec4b500011976080621"

[[projects]]
  digest = "1:58c66c1f2ad86e91a3817297dff4921c8d3ca0012461331422c7cacf9fefef55"
  name = "github.com/docker/docker"
  packages = [
    "api",
    "api/types",
    "api/types/blkiodev",
    "api/types/container",
    "api/types/events",
    "api/types/filters",
    "api/types/image",
    "api/types/mount",
    "api/types/network",
    "api/types/registry",
    "api/types/strslice",
    "api/types/swarm",
    "api/types/time",
    "api/types/versions",
    "api/types/volume",
    "client",
    "pkg/ioutils",
    "pkg/jsonlog",
    "pkg/jsonmessage",
    "pkg/longpath",
    "pkg/system",
    "pkg/term",
    "pkg/term/windows",
    "pkg/tlsconfig",
  ]
  pruneopts = "UT"
  revision = "90d35abf7b3535c1c319c872900fbd76374e521c"
  version = "v17.05.0-ce-rc3"

[[projects]]
  digest = "1:1deed5e0f29a6b042688c22c7fb705f3cc265e82e0ec55818f32404d334ac6a9"
  name = "github.com/docker/go-connections"
  packages = [
    "nat",
    "sockets",
    "tlsconfig",
  ]
  pruneopts = "UT"
  revision = "e15c02316c12de00874640cd76311849de2aeed5"

[[projects]]
  digest = "1:57d39983d01980c1317c2c5c6dd4b5b0c4a804ad2df800f2f6cbcd6a6d05f6ca"
  name = "github.com/docker/go-units"
  packages = ["."]
  pruneopts = "UT"
  revision = "9e638d38cf6977a37a8ea0078f3ee75a7cdb2dd1"

[[projects]]
  digest = "1:116357232670e348093a817cadb14c650a9d598b569365f3a114c48f26922937"
  name = "github.com/docker/libtrust"
  packages = ["."]
  pruneopts = "UT"
  revision = "9cbd2a1374f46905c68a4eb3694a130610adc62a"

[[projects]]
  digest = "1:edb569dd02419a41ddd98768cc0e7aec922ef19dae139731e5ca750afcf6f4c5"
  name = "github.com/edsrzf/mmap-go"
  packages = ["."]
  pruneopts = "UT"
  revision = "188cc3b666ba704534fa4f96e9e61f21f1e1ba7c"
  version = "v1.0.0"

[[projects]]
  digest = "1:94cd476f8156d6c830e108e3e89db65ca7852697a2983731f7d23260e17ae339"
  name = "github.com/fsouza/fake-gcs-server"
  packages = [
    "fakestorage",
    "internal/backend",
  ]
  pruneopts = "UT"
  revision = "647c736ea8b26d0e4f71fa166eef0976fd177a4c"
  version = "v1.9.0"

[[projects]]
  digest = "1:ec6f9bf5e274c833c911923c9193867f3f18788c461f76f05f62bb1510e0ae65"
  name = "github.com/go-sql-driver/mysql"
  packages = ["."]
  pruneopts = "UT"
  revision = "72cd26f257d44c1114970e19afddcd812016007e"
  version = "v1.4.1"

[[projects]]
  digest = "1:586ea76dbd0374d6fb649a91d70d652b7fe0ccffb8910a77468e7702e7901f3d"
  name = "github.com/go-stack/stack"
  packages = ["."]
  pruneopts = "UT"
  revision = "2fee6af1a9795aafbe0253a0cfbdf668e1fb8a9a"
  version = "v1.8.0"

[[projects]]
  branch = "master"
  digest = "1:beaca9d116fe3a5cc7a38843718bba83535df58c00fd848909b98ace520bcc67"
  name = "github.com/gocql/gocql"
  packages = [
    ".",
    "internal/lru",
    "internal/murmur",
    "internal/streams",
  ]
  pruneopts = "UT"
  revision = "55a38e15c5db050d4bbe96061a31cbe2d661fa3e"

[[projects]]
  digest = "1:c9cffc5a4ef5aa7271985801928f30f19b4d87ce98fea5fee278821ce07a2a4c"
  name = "github.com/golang/protobuf"
  packages = [
    "proto",
    "protoc-gen-go/descriptor",
    "ptypes",
    "ptypes/any",
    "ptypes/duration",
    "ptypes/empty",
    "ptypes/struct",
    "ptypes/timestamp",
  ]
  pruneopts = "UT"
  revision = "6c65a5562fc06764971b7c5d05c76c75e84bdbf7"
  version = "v1.3.2"

[[projects]]
  branch = "master"
  digest = "1:e4f5819333ac698d294fe04dbf640f84719658d5c7ce195b10060cc37292ce79"
  name = "github.com/golang/snappy"
  packages = ["."]
  pruneopts = "UT"
  revision = "2a8bb927dd31d8daada140a5d09578521ce5c36a"

[[projects]]
  digest = "1:37e7a8e714c63d708d95293b33d7044402ebc44ecb263e8b6961608cf9173235"
  name = "github.com/google/go-github"
  packages = ["github"]
  pruneopts = "UT"
  revision = "cad32f26bbd0216620995d028657c304c95a5eab"
  version = "v26.1.3"

[[projects]]
  digest = "1:a63cff6b5d8b95638bfe300385d93b2a6d9d687734b863da8e09dc834510a690"
  name = "github.com/google/go-querystring"
  packages = ["query"]
  pruneopts = "UT"
  revision = "44c6ddd0a2342c386950e880b658017258da92fc"
  version = "v1.0.0"

[[projects]]
  digest = "1:766102087520f9d54f2acc72bd6637045900ac735b4a419b128d216f0c5c4876"
  name = "github.com/googleapis/gax-go"
  packages = ["v2"]
  pruneopts = "UT"
  revision = "bd5b16380fd03dc758d11cef74ba2e3bc8b0e8c2"
  version = "v2.0.5"

[[projects]]
  digest = "1:cbec35fe4d5a4fba369a656a8cd65e244ea2c743007d8f6c1ccb132acf9d1296"
  name = "github.com/gorilla/mux"
  packages = ["."]
  pruneopts = "UT"
  revision = "00bdffe0f3c77e27d2cf6f5c70232a2d3e4d9c15"
  version = "v1.7.3"

[[projects]]
  branch = "master"
  digest = "1:364b908b9b27b97ab838f2f6f1b1f46281fa29b978a037d72a9b1d4f6d940190"
  name = "github.com/hailocab/go-hostpool"
  packages = ["."]
  pruneopts = "UT"
  revision = "e80d13ce29ede4452c43dea11e79b9bc8a15b478"

[[projects]]
  digest = "1:0ade334594e69404d80d9d323445d2297ff8161637f9b2d347cc6973d2d6f05b"
  name = "github.com/hashicorp/errwrap"
  packages = ["."]
  pruneopts = "UT"
  revision = "8a6fb523712970c966eefc6b39ed2c5e74880354"
  version = "v1.0.0"

[[projects]]
  digest = "1:f668349b83f7d779567c880550534addeca7ebadfdcf44b0b9c39be61864b4b7"
  name = "github.com/hashicorp/go-multierror"
  packages = ["."]
  pruneopts = "UT"
  revision = "886a7fbe3eb1c874d46f623bfa70af45f425b3d1"
  version = "v1.0.0"

[[projects]]
  digest = "1:67474f760e9ac3799f740db2c489e6423a4cde45520673ec123ac831ad849cb8"
  name = "github.com/hashicorp/golang-lru"
  packages = ["simplelru"]
  pruneopts = "UT"
  revision = "7087cb70de9f7a8bc0a10c375cb0d2280a8edf9c"
  version = "v0.5.1"

[[projects]]
  digest = "1:a7261255f31aa65e511b45cf7a36fda39dafb08914287506c93cb8c07afb9708"
  name = "github.com/jackc/pgx"
  packages = [
    ".",
    "chunkreader",
    "internal/sanitize",
    "pgio",
    "pgproto3",
    "pgtype",
  ]
  pruneopts = "UT"
  revision = "a1d6202434aa40c3624688f6c2cacbc27eef5472"
  version = "v3.5.0"

[[projects]]
  digest = "1:bb81097a5b62634f3e9fec1014657855610c82d19b9a40c17612e32651e35dca"
  name = "github.com/jmespath/go-jmespath"
  packages = ["."]
  pruneopts = "UT"
  revision = "c2b33e84"

[[projects]]
  branch = "master"
  digest = "1:f433da6fbabb0bd1bd730fd340782015c644123d02eb78c20c69ce03352daad1"
  name = "github.com/kardianos/osext"
  packages = ["."]
  pruneopts = "UT"
  revision = "2bc1f35cddc0cc527b4bc3dce8578fc2a6c11384"

[[projects]]
  digest = "1:177a18252d40bf39a867876456854717780b0b1212fdae231d31e93b6f885d80"
  name = "github.com/kshvakov/clickhouse"
  packages = [
    ".",
    "lib/binary",
    "lib/cityhash102",
    "lib/column",
    "lib/data",
    "lib/leakypool",
    "lib/lz4",
    "lib/protocol",
    "lib/types",
    "lib/writebuffer",
  ]
  pruneopts = "UT"
  revision = "43e176a8d165376662f4d67203c71cc8a027c86b"
  version = "v1.3.9"

[[projects]]
  digest = "1:bdd53b87de8185da386bae179c84d4848854c6870bacacf6a154fe63e2e750f7"
  name = "github.com/lib/pq"
  packages = [
    ".",
    "oid",
    "scram",
  ]
  pruneopts = "UT"
  revision = "bc6a3c0594130b1e34005880bc600b6d3f49fa7f"
  version = "v1.1.1"

[[projects]]
  digest = "1:4a49346ca45376a2bba679ca0e83bec949d780d4e927931317904bad482943ec"
  name = "github.com/mattn/go-sqlite3"
  packages = ["."]
  pruneopts = "UT"
  revision = "c7c4067b79cc51e6dfdcef5c702e74b1e0fa7c75"
  version = "v1.10.0"

[[projects]]
  digest = "1:9be9701967c831fb40a4b8b35c474b0a6e3af1f68ac35ad5fde6c44d71cbf4d1"
  name = "github.com/mongodb/mongo-go-driver"
  packages = [
    "bson",
    "bson/bsoncodec",
    "bson/bsonrw",
    "bson/bsontype",
    "bson/primitive",
    "event",
    "internal",
    "mongo",
    "mongo/options",
    "mongo/readconcern",
    "mongo/readpref",
    "mongo/writeconcern",
    "tag",
    "version",
    "x/bsonx",
    "x/bsonx/bsoncore",
    "x/mongo/driver",
    "x/mongo/driver/auth",
    "x/mongo/driver/auth/internal/gssapi",
    "x/mongo/driver/session",
    "x/mongo/driver/topology",
    "x/mongo/driver/uuid",
    "x/network/address",
    "x/network/command",
    "x/network/compressor",
    "x/network/connection",
    "x/network/connstring",
    "x/network/description",
    "x/network/result",
    "x/network/wiremessage",
  ]
  pruneopts = "UT"
  revision = "e1f3d104525e687eda76125707c9852e429f2730"
  version = "v0.3.0"

[[projects]]
  branch = "master"
  digest = "1:8af8eb5d4c03d97db850263c1d27d1aa89d4733586813e34c65a7f140293b5ac"
  name = "github.com/nakagami/firebirdsql"
  packages = ["."]
  pruneopts = "UT"
  revision = "90ca2b3395f5ef5cd4e97236885bfc6358e994e2"

[[projects]]
  digest = "1:37423212694a4316f48e0bbac8e4f1fd366a384a286fbaa7d80baf99d86f0416"
  name = "github.com/opencontainers/go-digest"
  packages = ["."]
  pruneopts = "UT"
  revision = "a6d0ee40d4207ea02364bd3b9e8e77b9159ba1eb"

[[projects]]
  digest = "1:40e195917a951a8bf867cd05de2a46aaf1806c50cf92eebf4c16f78cd196f747"
  name = "github.com/pkg/errors"
  packages = ["."]
  pruneopts = "UT"
  revision = "839d9e913e063e28dfd0e6c7b7512793e0a48be9"

[[projects]]
  digest = "1:0028cb19b2e4c3112225cd871870f2d9cf49b9b4276531f03438a88e94be86fe"
  name = "github.com/pmezard/go-difflib"
  packages = ["difflib"]
  pruneopts = "UT"
  revision = "792786c7400a136282c1664665ae0a8db921c6c2"
  version = "v1.0.0"

[[projects]]
  branch = "master"
  digest = "1:b590e9af2aa114018c32477dd0109fd4678b7a1326a025e6640d4fe501dccd38"
  name = "github.com/remyoudompheng/bigfft"
  packages = ["."]
  pruneopts = "UT"
  revision = "babf20351dd7e3ac320adedbbe5eb311aec8763c"

[[projects]]
  digest = "1:81e02c4edb639c80559c0650f9401d3e2dcc3256d1fa215382bb7c83c1db9126"
  name = "github.com/shopspring/decimal"
  packages = ["."]
  pruneopts = "UT"
  revision = "cd690d0c9e2447b1ef2a129a6b7b49077da89b8e"
  version = "1.1.0"

[[projects]]
  digest = "1:972c2427413d41a1e06ca4897e8528e5a1622894050e2f527b38ddf0f343f759"
  name = "github.com/stretchr/testify"
  packages = ["assert"]
  pruneopts = "UT"
  revision = "ffdc059bfe9ce6a4e144ba849dbedead332c6053"
  version = "v1.3.0"

[[projects]]
  digest = "1:bdea1effaf77c89ea6a098c7343bea21963db1920f83271e98b2517d3e4ea05d"
  name = "github.com/xanzy/go-gitlab"
  packages = ["."]
  pruneopts = "UT"
  revision = "9d665abb0c204f579765d16d24d7ec85257e6624"
  version = "v0.18.0"

[[projects]]
  branch = "master"
  digest = "1:40fdfd6ab85ca32b6935853bbba35935dcb1d796c8135efd85947566c76e662e"
  name = "github.com/xdg/scram"
  packages = ["."]
  pruneopts = "UT"
  revision = "7eeb5667e42c09cb51bf7b7c28aea8c56767da90"

[[projects]]
  branch = "master"
  digest = "1:f5c1d04bc09c644c592b45b9f0bad4030521b1a7d11c7dadbb272d9439fa6e8e"
  name = "github.com/xdg/stringprep"
  packages = ["."]
  pruneopts = "UT"
  revision = "73f8eece6fdcd902c185bf651de50f3828bed5ed"

[[projects]]
  branch = "master"
  digest = "1:4a2a0e0dcd6b00f8bd6ed74a206ed64b1d6a99c081a8ec5a61dd4942e2efbd21"
  name = "gitlab.com/nyarla/go-crypt"
  packages = ["."]
  pruneopts = "UT"
  revision = "d9a5dc2b789bc330075d4b805d9b7c971f2865a1"

[[projects]]
  digest = "1:bf33f7cd985e8e62eeef3b1985ec48f0f274e4083fa811596aafaf3af2947e83"
  name = "go.opencensus.io"
  packages = [
    ".",
    "internal",
    "internal/tagencoding",
    "metric/metricdata",
    "metric/metricproducer",
    "plugin/ocgrpc",
    "plugin/ochttp",
    "plugin/ochttp/propagation/b3",
    "resource",
    "stats",
    "stats/internal",
    "stats/view",
    "tag",
    "trace",
    "trace/internal",
    "trace/propagation",
    "trace/tracestate",
  ]
  pruneopts = "UT"
  revision = "9c377598961b706d1542bd2d84d538b5094d596e"
  version = "v0.22.0"

[[projects]]
  branch = "master"
  digest = "1:cc85236029b95c86d9fba824344f119a746047a64e0c2e120a862ebcaf137644"
  name = "golang.org/x/crypto"
  packages = [
    "cast5",
    "md4",
    "openpgp",
    "openpgp/armor",
    "openpgp/elgamal",
    "openpgp/errors",
    "openpgp/packet",
    "openpgp/s2k",
    "pbkdf2",
  ]
  pruneopts = "UT"
  revision = "4def268fd1a49955bfb3dda92fe3db4f924f2285"

[[projects]]
  branch = "master"
  digest = "1:9626abe39a03890048a18ae2071b03af31052217f3504d68072364f03fc0633f"
  name = "golang.org/x/net"
  packages = [
    "context",
    "context/ctxhttp",
    "http/httpguts",
    "http2",
    "http2/hpack",
    "idna",
    "internal/socks",
    "internal/timeseries",
    "proxy",
    "trace",
  ]
  pruneopts = "UT"
  revision = "da137c7871d730100384dbcf36e6f8fa493aef5b"

[[projects]]
  branch = "master"
  digest = "1:31e33f76456ccf54819ab4a646cf01271d1a99d7712ab84bf1a9e7b61cd2031b"
  name = "golang.org/x/oauth2"
  packages = [
    ".",
    "google",
    "internal",
    "jws",
    "jwt",
  ]
  pruneopts = "UT"
  revision = "0f29369cfe4552d0e4bcddc57cc75f4d7e672a33"

[[projects]]
  branch = "master"
  digest = "1:382bb5a7fb4034db3b6a2d19e5a4a6bcf52f4750530603c01ca18a172fa3089b"
  name = "golang.org/x/sync"
  packages = ["semaphore"]
  pruneopts = "UT"
  revision = "112230192c580c3556b8cee6403af37a4fc5f28c"

[[projects]]
  branch = "master"
  digest = "1:31d44814b45607afa77c6e8ef20ea8bacc1d1053fe084440c874f311732e7ec3"
  name = "golang.org/x/sys"
  packages = [
    "unix",
    "windows",
  ]
  pruneopts = "UT"
  revision = "fae7ac547cb717d141c433a2a173315e216b64c4"

[[projects]]
  digest = "1:5f1559c4cee44069f81517430ebba19589869f3d4d4648213a4d5ddd199b11d8"
  name = "golang.org/x/text"
  packages = [
    "cases",
    "collate",
    "collate/build",
    "internal",
    "internal/colltab",
    "internal/gen",
    "internal/language",
    "internal/language/compact",
    "internal/tag",
    "internal/triegen",
    "internal/ucd",
    "language",
    "runes",
    "secure/bidirule",
    "secure/precis",
    "transform",
    "unicode/bidi",
    "unicode/cldr",
    "unicode/norm",
    "unicode/rangetable",
    "width",
  ]
  pruneopts = "UT"
  revision = "342b2e1fbaa52c93f31447ad2c6abc048c63e475"
  version = "v0.3.2"

[[projects]]
  branch = "master"
  digest = "1:bd78f1886275006b5e5fe560083aac6ede068084d5ee7695f3614437ba3a29a0"
  name = "golang.org/x/tools"
  packages = [
    "godoc/vfs",
    "godoc/vfs/mapfs",
  ]
  pruneopts = "UT"
  revision = "8b927904ee0dec805c89aaf9172f4459296ed6e8"

[[projects]]
  digest = "1:915d0398815343f50437a81da3c99d88ae31ac38657390768d544dc7b644c2f3"
  name = "google.golang.org/api"
  packages = [
    "gensupport",
    "googleapi",
    "googleapi/internal/uritemplates",
    "googleapi/transport",
    "internal",
    "iterator",
    "option",
    "storage/v1",
    "transport",
    "transport/grpc",
    "transport/http",
    "transport/http/internal/propagation",
  ]
  pruneopts = "UT"
  revision = "02490b97dff7cfde1995bd77de808fd27053bc87"
  version = "v0.7.0"

[[projects]]
  digest = "1:31521c35d153515cf1be44b4231590b06f44b4941cf2aee5e96719fbe6cc70b8"
  name = "google.golang.org/appengine"
  packages = [
    ".",
    "cloudsql",
    "internal",
    "internal/app_identity",
    "internal/base",
    "internal/datastore",
    "internal/log",
    "internal/modules",
    "internal/remote_api",
    "internal/socket",
    "internal/urlfetch",
    "socket",
    "urlfetch",
  ]
  pruneopts = "UT"
  revision = "b2f4a3cf3c67576a2ee09e1fe62656a5086ce880"
  version = "v1.6.1"

[[projects]]
  branch = "master"
  digest = "1:0d070af8af8051b8672b6cfc3e9492343fafbe2f21d9a4de82e335a58b960c7c"
  name = "google.golang.org/genproto"
  packages = [
    "googleapis/api/annotations",
    "googleapis/iam/v1",
    "googleapis/longrunning",
    "googleapis/rpc/code",
    "googleapis/rpc/errdetails",
    "googleapis/rpc/status",
    "googleapis/spanner/admin/database/v1",
    "googleapis/spanner/v1",
    "googleapis/type/expr",
  ]
  pruneopts = "UT"
  revision = "3bdd9d9f5532d75d09efb230bd767d265245cfe5"

[[projects]]
  digest = "1:94dd3fb42315b97533bb74fe15498905734bc3a3c6e692dc7839fec749d44d26"
  name = "google.golang.org/grpc"
  packages = [
    ".",
    "balancer",
    "balancer/base",
    "balancer/grpclb",
    "balancer/grpclb/grpc_lb_v1",
    "balancer/roundrobin",
    "binarylog/grpc_binarylog_v1",
    "codes",
    "connectivity",
    "credentials",
    "credentials/alts",
    "credentials/alts/internal",
    "credentials/alts/internal/authinfo",
    "credentials/alts/internal/conn",
    "credentials/alts/internal/handshaker",
    "credentials/alts/internal/handshaker/service",
    "credentials/alts/internal/proto/grpc_gcp",
    "credentials/google",
    "credentials/internal",
    "credentials/oauth",
    "encoding",
    "encoding/proto",
    "grpclog",
    "internal",
    "internal/backoff",
    "internal/balancerload",
    "internal/binarylog",
    "internal/channelz",
    "internal/envconfig",
    "internal/grpcrand",
    "internal/grpcsync",
    "internal/syscall",
    "internal/transport",
    "keepalive",
    "metadata",
    "naming",
    "peer",
    "resolver",
    "resolver/dns",
    "resolver/passthrough",
    "serviceconfig",
    "stats",
    "status",
    "tap",
  ]
  pruneopts = "UT"
  revision = "1d89a3c832915b2314551c1d2a506874d62e53f7"
  version = "v1.22.0"

[[projects]]
  digest = "1:2d1fbdc6777e5408cabeb02bf336305e724b925ff4546ded0fa8715a7267922a"
  name = "gopkg.in/inf.v0"
  packages = ["."]
  pruneopts = "UT"
  revision = "d2d2541c53f18d2a059457998ce2876cc8e67cbf"
  version = "v0.9.1"

[solve-meta]
  analyzer-name = "dep"
  analyzer-version = 1
  input-imports = [
    "cloud.google.com/go/spanner",
    "cloud.google.com/go/spanner/admin/database/apiv1",
    "cloud.google.com/go/storage",
    "github.com/aws/aws-sdk-go/aws",
    "github.com/aws/aws-sdk-go/aws/session",
    "github.com/aws/aws-sdk-go/service/s3",
    "github.com/aws/aws-sdk-go/service/s3/s3iface",
    "github.com/cockroachdb/cockroach-go/crdb",
    "github.com/cznic/ql/driver",
    "github.com/denisenkom/go-mssqldb",
    "github.com/dhui/dktest",
    "github.com/docker/docker/api/types",
    "github.com/docker/docker/api/types/container",
    "github.com/docker/docker/api/types/network",
    "github.com/docker/docker/client",
    "github.com/fsouza/fake-gcs-server/fakestorage",
    "github.com/go-sql-driver/mysql",
    "github.com/gocql/gocql",
    "github.com/google/go-github/github",
    "github.com/hashicorp/go-multierror",
    "github.com/kshvakov/clickhouse",
    "github.com/lib/pq",
    "github.com/mattn/go-sqlite3",
    "github.com/mongodb/mongo-go-driver/bson",
    "github.com/mongodb/mongo-go-driver/mongo",
    "github.com/mongodb/mongo-go-driver/x/network/connstring",
    "github.com/nakagami/firebirdsql",
    "github.com/stretchr/testify/assert",
    "github.com/xanzy/go-gitlab",
    "golang.org/x/net/context",
    "golang.org/x/tools/godoc/vfs",
    "golang.org/x/tools/godoc/vfs/mapfs",
    "google.golang.org/api/iterator",
    "google.golang.org/genproto/googleapis/spanner/admin/database/v1",
  ]
  solver-name = "gps-cdcl"
  solver-version = 1
